
Microsoft Visual Studio Solution File, Format Version 12.00
# Visual Studio Version 17
VisualStudioVersion = 17.14.37710.0 d17.14
MinimumVisualStudioVersion = 10.0.40219.1
Project("{FAE04EC0-301F-11D3-BF4B-00C04F79EFBC}") = "QuanLyKhachSan", "QuanLyKhachSan.csproj", "{BB50C0DC-1EFC-4C2C-A45C-EA3B13CB5B01}"
EndProject
Global
	GlobalSection(SolutionConfigurationPlatforms) = preSolution
		Debug|Any CPU = Debug|Any CPU
		Release|Any CPU = Release|Any CPU
	EndGlobalSection
	GlobalSection(ProjectConfigurationPlatforms) = postSolution
		{BB50C0DC-1EFC-4C2C-A45C-EA3B13CB5B01}.Debug|Any CPU.ActiveCfg = Debug|Any CPU
		{BB50C0DC-1EFC-4C2C-A45C-EA3B13CB5B01}.Debug|Any CPU.Build.0 = Debug|Any CPU
		{BB50C0DC-1EFC-4C2C-A45C-EA3B13CB5B01}.Release|Any CPU.ActiveCfg = Release|Any CPU
		{BB50C0DC-1EFC-4C2C-A45C-EA3B13CB5B01}.Release|Any CPU.Build.0 = Release|Any CPU
	EndGlobalSection
	GlobalSection(SolutionProperties) = preSolution
		HideSolutionNode = FALSE
	EndGlobalSection
	GlobalSection(ExtensibilityGlobals) = postSolution
		SolutionGuid = {B3AF191B-0B13-4C4D-B2EB-0168454E3313}
	EndGlobalSection
EndGlobal
